// !$*UTF8*$!
{
	archiveVersion = 1;
	classes = {
	};
	objectVersion = 46;
	objects = {

/* Begin PBXBuildFile section */
		D43D20581AF3F93C0003813A /* main.cpp in Sources */ = {isa = PBXBuildFile; fileRef = D43D20571AF3F93C0003813A /* main.cpp */; };
		D43D20601AF3F97D0003813A /* Gimnasio.cpp in Sources */ = {isa = PBXBuildFile; fileRef = D43D205E1AF3F97D0003813A /* Gimnasio.cpp */; };
		D43D20631AF3F9840003813A /* Usuario.cpp in Sources */ = {isa = PBXBuildFile; fileRef = D43D20611AF3F9840003813A /* Usuario.cpp */; };
		D43D20661AF3F98E0003813A /* Maquina.cpp in Sources */ = {isa = PBXBuildFile; fileRef = D43D20641AF3F98E0003813A /* Maquina.cpp */; };
		D43D20691AF3F9970003813A /* Rutina.cpp in Sources */ = {isa = PBXBuildFile; fileRef = D43D20671AF3F9970003813A /* Rutina.cpp */; };
/* End PBXBuildFile section */

/* Begin PBXCopyFilesBuildPhase section */
		D43D20521AF3F93C0003813A /* CopyFiles */ = {
			isa = PBXCopyFilesBuildPhase;
			buildActionMask = 2147483647;
			dstPath = /usr/share/man/man1/;
			dstSubfolderSpec = 0;
			files = (
			);
			runOnlyForDeploymentPostprocessing = 1;
		};
/* End PBXCopyFilesBuildPhase section */

/* Begin PBXFileReference section */
		D43D20541AF3F93C0003813A /* Gimnasio */ = {isa = PBXFileReference; explicitFileType = "compiled.mach-o.executable"; includeInIndex = 0; path = Gimnasio; sourceTree = BUILT_PRODUCTS_DIR; };
		D43D20571AF3F93C0003813A /* main.cpp */ = {isa = PBXFileReference; lastKnownFileType = sourcecode.cpp.cpp; path = main.cpp; sourceTree = "<group>"; };
		D43D205E1AF3F97D0003813A /* Gimnasio.cpp */ = {isa = PBXFileReference; fileEncoding = 4; lastKnownFileType = sourcecode.cpp.cpp; path = Gimnasio.cpp; sourceTree = "<group>"; };
		D43D205F1AF3F97D0003813A /* Gimnasio.h */ = {isa = PBXFileReference; fileEncoding = 4; lastKnownFileType = sourcecode.c.h; path = Gimnasio.h; sourceTree = "<group>"; };
		D43D20611AF3F9840003813A /* Usuario.cpp */ = {isa = PBXFileReference; fileEncoding = 4; lastKnownFileType = sourcecode.cpp.cpp; path = Usuario.cpp; sourceTree = "<group>"; };
		D43D20621AF3F9840003813A /* Usuario.h */ = {isa = PBXFileReference; fileEncoding = 4; lastKnownFileType = sourcecode.c.h; path = Usuario.h; sourceTree = "<group>"; };
		D43D20641AF3F98E0003813A /* Maquina.cpp */ = {isa = PBXFileReference; fileEncoding = 4; lastKnownFileType = sourcecode.cpp.cpp; path = Maquina.cpp; sourceTree = "<group>"; };
		D43D20651AF3F98E0003813A /* Maquina.h */ = {isa = PBXFileReference; fileEncoding = 4; lastKnownFileType = sourcecode.c.h; path = Maquina.h; sourceTree = "<group>"; };
		D43D20671AF3F9970003813A /* Rutina.cpp */ = {isa = PBXFileReference; fileEncoding = 4; lastKnownFileType = sourcecode.cpp.cpp; path = Rutina.cpp; sourceTree = "<group>"; };
		D43D20681AF3F9970003813A /* Rutina.h */ = {isa = PBXFileReference; fileEncoding = 4; lastKnownFileType = sourcecode.c.h; path = Rutina.h; sourceTree = "<group>"; };
/* End PBXFileReference section */

/* Begin PBXFrameworksBuildPhase section */
		D43D20511AF3F93C0003813A /* Frameworks */ = {
			isa = PBXFrameworksBuildPhase;
			buildActionMask = 2147483647;
			files = (
			);
			runOnlyForDeploymentPostprocessing = 0;
		};
/* End PBXFrameworksBuildPhase section */

/* Begin PBXGroup section */
		D43D204B1AF3F93C0003813A = {
			isa = PBXGroup;
			children = (
				D43D20561AF3F93C0003813A /* Gimnasio */,
				D43D20551AF3F93C0003813A /* Products */,
			);
			sourceTree = "<group>";
		};
		D43D20551AF3F93C0003813A /* Products */ = {
			isa = PBXGroup;
			children = (
				D43D20541AF3F93C0003813A /* Gimnasio */,
			);
			name = Products;
			sourceTree = "<group>";
		};
		D43D20561AF3F93C0003813A /* Gimnasio */ = {
			isa = PBXGroup;
			children = (
				D43D20571AF3F93C0003813A /* main.cpp */,
				D43D205E1AF3F97D0003813A /* Gimnasio.cpp */,
				D43D205F1AF3F97D0003813A /* Gimnasio.h */,
				D43D20611AF3F9840003813A /* Usuario.cpp */,
				D43D20621AF3F9840003813A /* Usuario.h */,
				D43D20641AF3F98E0003813A /* Maquina.cpp */,
				D43D20651AF3F98E0003813A /* Maquina.h */,
				D43D20671AF3F9970003813A /* Rutina.cpp */,
				D43D20681AF3F9970003813A /* Rutina.h */,
			);
			path = Gimnasio;
			sourceTree = "<group>";
		};
/* End PBXGroup section */

/* Begin PBXNativeTarget section */
		D43D20531AF3F93C0003813A /* Gimnasio */ = {
			isa = PBXNativeTarget;
			buildConfigurationList = D43D205B1AF3F93C0003813A /* Build configuration list for PBXNativeTarget "Gimnasio" */;
			buildPhases = (
				D43D20501AF3F93C0003813A /* Sources */,
				D43D20511AF3F93C0003813A /* Frameworks */,
				D43D20521AF3F93C0003813A /* CopyFiles */,
			);
			buildRules = (
			);
			dependencies = (
			);
			name = Gimnasio;
			productName = Gimnasio;
			productReference = D43D20541AF3F93C0003813A /* Gimnasio */;
			productType = "com.apple.product-type.tool";
		};
/* End PBXNativeTarget section */

/* Begin PBXProject section */
		D43D204C1AF3F93C0003813A /* Project object */ = {
			isa = PBXProject;
			attributes = {
				LastUpgradeCheck = 0630;
				ORGANIZATIONNAME = "Gerardo Teruel";
				TargetAttributes = {
					D43D20531AF3F93C0003813A = {
						CreatedOnToolsVersion = 6.3.1;
					};
				};
			};
			buildConfigurationList = D43D204F1AF3F93C0003813A /* Build configuration list for PBXProject "Gimnasio" */;
			compatibilityVersion = "Xcode 3.2";
			developmentRegion = English;
			hasScannedForEncodings = 0;
			knownRegions = (
				en,
			);
			mainGroup = D43D204B1AF3F93C0003813A;
			productRefGroup = D43D20551AF3F93C0003813A /* Products */;
			projectDirPath = "";
			projectRoot = "";
			targets = (
				D43D20531AF3F93C0003813A /* Gimnasio */,
			);
		};
/* End PBXProject section */

/* Begin PBXSourcesBuildPhase section */
		D43D20501AF3F93C0003813A /* Sources */ = {
			isa = PBXSourcesBuildPhase;
			buildActionMask = 2147483647;
			files = (
				D43D20691AF3F9970003813A /* Rutina.cpp in Sources */,
				D43D20661AF3F98E0003813A /* Maquina.cpp in Sources */,
				D43D20601AF3F97D0003813A /* Gimnasio.cpp in Sources */,
				D43D20581AF3F93C0003813A /* main.cpp in Sources */,
				D43D20631AF3F9840003813A /* Usuario.cpp in Sources */,
			);
			runOnlyForDeploymentPostprocessing = 0;
		};
/* End PBXSourcesBuildPhase section */

/* Begin XCBuildConfiguration section */
		D43D20591AF3F93C0003813A /* Debug */ = {
			isa = XCBuildConfiguration;
			buildSettings = {
				ALWAYS_SEARCH_USER_PATHS = NO;
				CLANG_CXX_LANGUAGE_STANDARD = "gnu++0x";
				CLANG_CXX_LIBRARY = "libc++";
				CLANG_ENABLE_MODULES = YES;
				CLANG_ENABLE_OBJC_ARC = YES;
				CLANG_WARN_BOOL_CONVERSION = YES;
				CLANG_WARN_CONSTANT_CONVERSION = YES;
				CLANG_WARN_DIRECT_OBJC_ISA_USAGE = YES_ERROR;
				CLANG_WARN_EMPTY_BODY = YES;
				CLANG_WARN_ENUM_CONVERSION = YES;
				CLANG_WARN_INT_CONVERSION = YES;
				CLANG_WARN_OBJC_ROOT_CLASS = YES_ERROR;
				CLANG_WARN_UNREACHABLE_CODE = YES;
				CLANG_WARN__DUPLICATE_METHOD_MATCH = YES;
				COPY_PHASE_STRIP = NO;
				DEBUG_INFORMATION_FORMAT = dwarf;
				ENABLE_STRICT_OBJC_MSGSEND = YES;
				GCC_C_LANGUAGE_STANDARD = gnu99;
				GCC_DYNAMIC_NO_PIC = NO;
				GCC_NO_COMMON_BLOCKS = YES;
				GCC_OPTIMIZATION_LEVEL = 0;
				GCC_PREPROCESSOR_DEFINITIONS = (
					"DEBUG=1",
					"$(inherited)",
				);
				GCC_SYMBOLS_PRIVATE_EXTERN = NO;
				GCC_WARN_64_TO_32_BIT_CONVERSION = YES;
				GCC_WARN_ABOUT_RETURN_TYPE = YES_ERROR;
				GCC_WARN_UNDECLARED_SELECTOR = YES;
				GCC_WARN_UNINITIALIZED_AUTOS = YES_AGGRESSIVE;
				GCC_WARN_UNUSED_FUNCTION = YES;
				GCC_WARN_UNUSED_VARIABLE = YES;
				MACOSX_DEPLOYMENT_TARGET = 10.10;
				MTL_ENABLE_DEBUG_INFO = YES;
				ONLY_ACTIVE_ARCH = YES;
				SDKROOT = macosx;
			};
			name = Debug;
		};
		D43D205A1AF3F93C0003813A /* Release */ = {
			isa = XCBuildConfiguration;
			buildSettings = {
				ALWAYS_SEARCH_USER_PATHS = NO;
				CLANG_CXX_LANGUAGE_STANDARD = "gnu++0x";
				CLANG_CXX_LIBRARY = "libc++";
				CLANG_ENABLE_MODULES = YES;
				CLANG_ENABLE_OBJC_ARC = YES;
				CLANG_WARN_BOOL_CONVERSION = YES;
				CLANG_WARN_CONSTANT_CONVERSION = YES;
				CLANG_WARN_DIRECT_OBJC_ISA_USAGE = YES_ERROR;
				CLANG_WARN_EMPTY_BODY = YES;
				CLANG_WARN_ENUM_CONVERSION = YES;
				CLANG_WARN_INT_CONVERSION = YES;
				CLANG_WARN_OBJC_ROOT_CLASS = YES_ERROR;
				CLANG_WARN_UNREACHABLE_CODE = YES;
				CLANG_WARN__DUPLICATE_METHOD_MATCH = YES;
				COPY_PHASE_STRIP = NO;
				DEBUG_INFORMATION_FORMAT = "dwarf-with-dsym";
				ENABLE_NS_ASSERTIONS = NO;
				ENABLE_STRICT_OBJC_MSGSEND = YES;
				GCC_C_LANGUAGE_STANDARD = gnu99;
				GCC_NO_COMMON_BLOCKS = YES;
				GCC_WARN_64_TO_32_BIT_CONVERSION = YES;
				GCC_WARN_ABOUT_RETURN_TYPE = YES_ERROR;
				GCC_WARN_UNDECLARED_SELECTOR = YES;
				GCC_WARN_UNINITIALIZED_AUTOS = YES_AGGRESSIVE;
				GCC_WARN_UNUSED_FUNCTION = YES;
				GCC_WARN_UNUSED_VARIABLE = YES;
				MACOSX_DEPLOYMENT_TARGET = 10.10;
				MTL_ENABLE_DEBUG_INFO = NO;
				SDKROOT = macosx;
			};
			name = Release;
		};
		D43D205C1AF3F93C0003813A /* Debug */ = {
			isa = XCBuildConfiguration;
			buildSettings = {
				PRODUCT_NAME = "$(TARGET_NAME)";
			};
			name = Debug;
		};
		D43D205D1AF3F93C0003813A /* Release */ = {
			isa = XCBuildConfiguration;
			buildSettings = {
				PRODUCT_NAME = "$(TARGET_NAME)";
			};
			name = Release;
		};
/* End XCBuildConfiguration section */

/* Begin XCConfigurationList section */
		D43D204F1AF3F93C0003813A /* Build configuration list for PBXProject "Gimnasio" */ = {
			isa = XCConfigurationList;
			buildConfigurations = (
				D43D20591AF3F93C0003813A /* Debug */,
				D43D205A1AF3F93C0003813A /* Release */,
			);
			defaultConfigurationIsVisible = 0;
			defaultConfigurationName = Release;
		};
		D43D205B1AF3F93C0003813A /* Build configuration list for PBXNativeTarget "Gimnasio" */ = {
			isa = XCConfigurationList;
			buildConfigurations = (
				D43D205C1AF3F93C0003813A /* Debug */,
				D43D205D1AF3F93C0003813A /* Release */,
			);
			defaultConfigurationIsVisible = 0;
		};
/* End XCConfigurationList section */
	};
	rootObject = D43D204C1AF3F93C0003813A /* Project object */;
}
